// !$*UTF8*$!
{
	archiveVersion = 1;
	classes = {
	};
	objectVersion = 63;
	objects = {

/* Begin PBXBuildFile section */
		5E8999A240AC537426342817 /* Pods_ArchaeologistFind.framework in Frameworks */ = {isa = PBXBuildFile; fileRef = BBA836F6D15A798F921584F5 /* Pods_ArchaeologistFind.framework */; };
		822C7D102E01D41900180511 /* AppDelegate.swift in Sources */ = {isa = PBXBuildFile; fileRef = 822C7D062E01D41900180511 /* AppDelegate.swift */; };
		822C7D142E01D41900180511 /* Assets.xcassets in Resources */ = {isa = PBXBuildFile; fileRef = 822C7D072E01D41900180511 /* Assets.xcassets */; };
		822C7D162E01D41900180511 /* LaunchScreen.storyboard in Resources */ = {isa = PBXBuildFile; fileRef = 822C7D0C2E01D41900180511 /* LaunchScreen.storyboard */; };
		822C7D1A2E01D42700180511 /* SnapKit in Frameworks */ = {isa = PBXBuildFile; productRef = 822C7D192E01D42700180511 /* SnapKit */; };
		822C7D232E01D68300180511 /* JournalViewController.swift in Sources */ = {isa = PBXBuildFile; fileRef = 822C7D1E2E01D68300180511 /* JournalViewController.swift */; };
		822C7D242E01D68300180511 /* MatchGameViewController.swift in Sources */ = {isa = PBXBuildFile; fileRef = 822C7D212E01D68300180511 /* MatchGameViewController.swift */; };
		822C7D252E01D68300180511 /* OnboardingViewController.swift in Sources */ = {isa = PBXBuildFile; fileRef = 822C7D222E01D68300180511 /* OnboardingViewController.swift */; };
		822C7D262E01D68300180511 /* CatalogViewController.swift in Sources */ = {isa = PBXBuildFile; fileRef = 822C7D1B2E01D68300180511 /* CatalogViewController.swift */; };
		822C7D272E01D68300180511 /* LoadingViewController.swift in Sources */ = {isa = PBXBuildFile; fileRef = 822C7D1F2E01D68300180511 /* LoadingViewController.swift */; };
		822C7D282E01D68300180511 /* ExpeditionSettingsViewController.swift in Sources */ = {isa = PBXBuildFile; fileRef = 822C7D1D2E01D68300180511 /* ExpeditionSettingsViewController.swift */; };
		822C7D292E01D68300180511 /* MainTabBarController.swift in Sources */ = {isa = PBXBuildFile; fileRef = 822C7D202E01D68300180511 /* MainTabBarController.swift */; };
		822C7D2A2E01D68300180511 /* ExcavationViewController.swift in Sources */ = {isa = PBXBuildFile; fileRef = 822C7D1C2E01D68300180511 /* ExcavationViewController.swift */; };
		8233D29C2E0AABCB00A56D4C /* AppMetricaCore in Frameworks */ = {isa = PBXBuildFile; productRef = 8233D29B2E0AABCB00A56D4C /* AppMetricaCore */; };
		8233D29F2E0AAC1F00A56D4C /* OneSignalExtension in Frameworks */ = {isa = PBXBuildFile; productRef = 8233D29E2E0AAC1F00A56D4C /* OneSignalExtension */; };
		8233D2A12E0AAC1F00A56D4C /* OneSignalFramework in Frameworks */ = {isa = PBXBuildFile; productRef = 8233D2A02E0AAC1F00A56D4C /* OneSignalFramework */; };
		8233D2A32E0AAC1F00A56D4C /* OneSignalInAppMessages in Frameworks */ = {isa = PBXBuildFile; productRef = 8233D2A22E0AAC1F00A56D4C /* OneSignalInAppMessages */; };
		8233D2B12E0AAC7500A56D4C /* OneSignalNotificationServiceExtension.appex in Embed Foundation Extensions */ = {isa = PBXBuildFile; fileRef = 8233D2AA2E0AAC7500A56D4C /* OneSignalNotificationServiceExtension.appex */; settings = {ATTRIBUTES = (RemoveHeadersOnCopy, ); }; };
		8233D2BB2E0AAC7800A56D4C /* NotificationService.swift in Sources */ = {isa = PBXBuildFile; fileRef = 8233D2B82E0AAC7800A56D4C /* NotificationService.swift */; };
/* End PBXBuildFile section */

/* Begin PBXContainerItemProxy section */
		8233D2AF2E0AAC7500A56D4C /* PBXContainerItemProxy */ = {
			isa = PBXContainerItemProxy;
			containerPortal = 822C7CE32E01D41200180511 /* Project object */;
			proxyType = 1;
			remoteGlobalIDString = 8233D2A92E0AAC7500A56D4C;
			remoteInfo = OneSignalNotificationServiceExtension;
		};
/* End PBXContainerItemProxy section */

/* Begin PBXCopyFilesBuildPhase section */
		8233D2B62E0AAC7500A56D4C /* Embed Foundation Extensions */ = {
			isa = PBXCopyFilesBuildPhase;
			buildActionMask = 2147483647;
			dstPath = "";
			dstSubfolderSpec = 13;
			files = (
				8233D2B12E0AAC7500A56D4C /* OneSignalNotificationServiceExtension.appex in Embed Foundation Extensions */,
			);
			name = "Embed Foundation Extensions";
			runOnlyForDeploymentPostprocessing = 0;
		};
/* End PBXCopyFilesBuildPhase section */

/* Begin PBXFileReference section */
		652996DD53EDD25D9ADBD011 /* Pods-ArchaeologistFind.debug.xcconfig */ = {isa = PBXFileReference; includeInIndex = 1; lastKnownFileType = text.xcconfig; name = "Pods-ArchaeologistFind.debug.xcconfig"; path = "Target Support Files/Pods-ArchaeologistFind/Pods-ArchaeologistFind.debug.xcconfig"; sourceTree = "<group>"; };
		822C7CEB2E01D41200180511 /* ArchaeologistFind.app */ = {isa = PBXFileReference; explicitFileType = wrapper.application; includeInIndex = 0; path = ArchaeologistFind.app; sourceTree = BUILT_PRODUCTS_DIR; };
		822C7D062E01D41900180511 /* AppDelegate.swift */ = {isa = PBXFileReference; lastKnownFileType = sourcecode.swift; path = AppDelegate.swift; sourceTree = "<group>"; };
		822C7D072E01D41900180511 /* Assets.xcassets */ = {isa = PBXFileReference; lastKnownFileType = folder.assetcatalog; path = Assets.xcassets; sourceTree = "<group>"; };
		822C7D0B2E01D41900180511 /* Base */ = {isa = PBXFileReference; lastKnownFileType = file.storyboard; name = Base; path = Base.lproj/LaunchScreen.storyboard; sourceTree = "<group>"; };
		822C7D1B2E01D68300180511 /* CatalogViewController.swift */ = {isa = PBXFileReference; lastKnownFileType = sourcecode.swift; path = CatalogViewController.swift; sourceTree = "<group>"; };
		822C7D1C2E01D68300180511 /* ExcavationViewController.swift */ = {isa = PBXFileReference; lastKnownFileType = sourcecode.swift; path = ExcavationViewController.swift; sourceTree = "<group>"; };
		822C7D1D2E01D68300180511 /* ExpeditionSettingsViewController.swift */ = {isa = PBXFileReference; lastKnownFileType = sourcecode.swift; path = ExpeditionSettingsViewController.swift; sourceTree = "<group>"; };
		822C7D1E2E01D68300180511 /* JournalViewController.swift */ = {isa = PBXFileReference; lastKnownFileType = sourcecode.swift; path = JournalViewController.swift; sourceTree = "<group>"; };
		822C7D1F2E01D68300180511 /* LoadingViewController.swift */ = {isa = PBXFileReference; lastKnownFileType = sourcecode.swift; path = LoadingViewController.swift; sourceTree = "<group>"; };
		822C7D202E01D68300180511 /* MainTabBarController.swift */ = {isa = PBXFileReference; lastKnownFileType = sourcecode.swift; path = MainTabBarController.swift; sourceTree = "<group>"; };
		822C7D212E01D68300180511 /* MatchGameViewController.swift */ = {isa = PBXFileReference; lastKnownFileType = sourcecode.swift; path = MatchGameViewController.swift; sourceTree = "<group>"; };
		822C7D222E01D68300180511 /* OnboardingViewController.swift */ = {isa = PBXFileReference; lastKnownFileType = sourcecode.swift; path = OnboardingViewController.swift; sourceTree = "<group>"; };
		8233D2A42E0AAC6300A56D4C /* ArchaeologistFind.entitlements */ = {isa = PBXFileReference; lastKnownFileType = text.plist.entitlements; path = ArchaeologistFind.entitlements; sourceTree = "<group>"; };
		8233D2A52E0AAC6600A56D4C /* Info.plist */ = {isa = PBXFileReference; lastKnownFileType = text.plist; path = Info.plist; sourceTree = "<group>"; };
		8233D2AA2E0AAC7500A56D4C /* OneSignalNotificationServiceExtension.appex */ = {isa = PBXFileReference; explicitFileType = "wrapper.app-extension"; includeInIndex = 0; path = OneSignalNotificationServiceExtension.appex; sourceTree = BUILT_PRODUCTS_DIR; };
		8233D2B72E0AAC7800A56D4C /* Info.plist */ = {isa = PBXFileReference; lastKnownFileType = text.plist.xml; path = Info.plist; sourceTree = "<group>"; };
		8233D2B82E0AAC7800A56D4C /* NotificationService.swift */ = {isa = PBXFileReference; lastKnownFileType = sourcecode.swift; path = NotificationService.swift; sourceTree = "<group>"; };
		B5C6BCA7AD8E9F5A2E0F595F /* Pods-ArchaeologistFind.release.xcconfig */ = {isa = PBXFileReference; includeInIndex = 1; lastKnownFileType = text.xcconfig; name = "Pods-ArchaeologistFind.release.xcconfig"; path = "Target Support Files/Pods-ArchaeologistFind/Pods-ArchaeologistFind.release.xcconfig"; sourceTree = "<group>"; };
		BBA836F6D15A798F921584F5 /* Pods_ArchaeologistFind.framework */ = {isa = PBXFileReference; explicitFileType = wrapper.framework; includeInIndex = 0; path = Pods_ArchaeologistFind.framework; sourceTree = BUILT_PRODUCTS_DIR; };
/* End PBXFileReference section */

/* Begin PBXFrameworksBuildPhase section */
		822C7CE82E01D41200180511 /* Frameworks */ = {
			isa = PBXFrameworksBuildPhase;
			buildActionMask = 2147483647;
			files = (
				8233D2A32E0AAC1F00A56D4C /* OneSignalInAppMessages in Frameworks */,
				8233D29C2E0AABCB00A56D4C /* AppMetricaCore in Frameworks */,
				822C7D1A2E01D42700180511 /* SnapKit in Frameworks */,
				5E8999A240AC537426342817 /* Pods_ArchaeologistFind.framework in Frameworks */,
				8233D29F2E0AAC1F00A56D4C /* OneSignalExtension in Frameworks */,
				8233D2A12E0AAC1F00A56D4C /* OneSignalFramework in Frameworks */,
			);
			runOnlyForDeploymentPostprocessing = 0;
		};
		8233D2A72E0AAC7500A56D4C /* Frameworks */ = {
			isa = PBXFrameworksBuildPhase;
			buildActionMask = 2147483647;
			files = (
			);
			runOnlyForDeploymentPostprocessing = 0;
		};
/* End PBXFrameworksBuildPhase section */

/* Begin PBXGroup section */
		1FF5DCFC09E358A5D746F0D2 /* Pods */ = {
			isa = PBXGroup;
			children = (
				652996DD53EDD25D9ADBD011 /* Pods-ArchaeologistFind.debug.xcconfig */,
				B5C6BCA7AD8E9F5A2E0F595F /* Pods-ArchaeologistFind.release.xcconfig */,
			);
			path = Pods;
			sourceTree = "<group>";
		};
		822C7CE22E01D41200180511 = {
			isa = PBXGroup;
			children = (
				822C7D0F2E01D41900180511 /* ArchaeologistFind */,
				8233D2B92E0AAC7800A56D4C /* OneSignalNotificationServiceExtension */,
				822C7CEC2E01D41200180511 /* Products */,
				1FF5DCFC09E358A5D746F0D2 /* Pods */,
				93EBFD9FE90FC6ADB1E907B8 /* Frameworks */,
			);
			sourceTree = "<group>";
		};
		822C7CEC2E01D41200180511 /* Products */ = {
			isa = PBXGroup;
			children = (
				822C7CEB2E01D41200180511 /* ArchaeologistFind.app */,
				8233D2AA2E0AAC7500A56D4C /* OneSignalNotificationServiceExtension.appex */,
			);
			name = Products;
			sourceTree = "<group>";
		};
		822C7D0F2E01D41900180511 /* ArchaeologistFind */ = {
			isa = PBXGroup;
			children = (
				8233D2A52E0AAC6600A56D4C /* Info.plist */,
				8233D2A42E0AAC6300A56D4C /* ArchaeologistFind.entitlements */,
				822C7D1B2E01D68300180511 /* CatalogViewController.swift */,
				822C7D1C2E01D68300180511 /* ExcavationViewController.swift */,
				822C7D1D2E01D68300180511 /* ExpeditionSettingsViewController.swift */,
				822C7D1E2E01D68300180511 /* JournalViewController.swift */,
				822C7D1F2E01D68300180511 /* LoadingViewController.swift */,
				822C7D202E01D68300180511 /* MainTabBarController.swift */,
				822C7D212E01D68300180511 /* MatchGameViewController.swift */,
				822C7D222E01D68300180511 /* OnboardingViewController.swift */,
				822C7D062E01D41900180511 /* AppDelegate.swift */,
				822C7D072E01D41900180511 /* Assets.xcassets */,
				822C7D0C2E01D41900180511 /* LaunchScreen.storyboard */,
			);
			path = ArchaeologistFind;
			sourceTree = "<group>";
		};
		8233D2B92E0AAC7800A56D4C /* OneSignalNotificationServiceExtension */ = {
			isa = PBXGroup;
			children = (
				8233D2B72E0AAC7800A56D4C /* Info.plist */,
				8233D2B82E0AAC7800A56D4C /* NotificationService.swift */,
			);
			path = OneSignalNotificationServiceExtension;
			sourceTree = "<group>";
		};
		93EBFD9FE90FC6ADB1E907B8 /* Frameworks */ = {
			isa = PBXGroup;
			children = (
				BBA836F6D15A798F921584F5 /* Pods_ArchaeologistFind.framework */,
			);
			name = Frameworks;
			sourceTree = "<group>";
		};
/* End PBXGroup section */

/* Begin PBXNativeTarget section */
		822C7CEA2E01D41200180511 /* ArchaeologistFind */ = {
			isa = PBXNativeTarget;
			buildConfigurationList = 822C7D022E01D41500180511 /* Build configuration list for PBXNativeTarget "ArchaeologistFind" */;
			buildPhases = (
				A83E83114C8B7472880CE6DD /* [CP] Check Pods Manifest.lock */,
				822C7CE72E01D41200180511 /* Sources */,
				822C7CE82E01D41200180511 /* Frameworks */,
				822C7CE92E01D41200180511 /* Resources */,
				8233D2B62E0AAC7500A56D4C /* Embed Foundation Extensions */,
			);
			buildRules = (
			);
			dependencies = (
				8233D2B02E0AAC7500A56D4C /* PBXTargetDependency */,
			);
			name = ArchaeologistFind;
			packageProductDependencies = (
				822C7D192E01D42700180511 /* SnapKit */,
				8233D29B2E0AABCB00A56D4C /* AppMetricaCore */,
				8233D29E2E0AAC1F00A56D4C /* OneSignalExtension */,
				8233D2A02E0AAC1F00A56D4C /* OneSignalFramework */,
				8233D2A22E0AAC1F00A56D4C /* OneSignalInAppMessages */,
			);
			productName = ArchaeologistFind;
			productReference = 822C7CEB2E01D41200180511 /* ArchaeologistFind.app */;
			productType = "com.apple.product-type.application";
		};
		8233D2A92E0AAC7500A56D4C /* OneSignalNotificationServiceExtension */ = {
			isa = PBXNativeTarget;
			buildConfigurationList = 8233D2B32E0AAC7500A56D4C /* Build configuration list for PBXNativeTarget "OneSignalNotificationServiceExtension" */;
			buildPhases = (
				8233D2A62E0AAC7500A56D4C /* Sources */,
				8233D2A72E0AAC7500A56D4C /* Frameworks */,
				8233D2A82E0AAC7500A56D4C /* Resources */,
			);
			buildRules = (
			);
			dependencies = (
			);
			name = OneSignalNotificationServiceExtension;
			packageProductDependencies = (
			);
			productName = OneSignalNotificationServiceExtension;
			productReference = 8233D2AA2E0AAC7500A56D4C /* OneSignalNotificationServiceExtension.appex */;
			productType = "com.apple.product-type.app-extension";
		};
/* End PBXNativeTarget section */

/* Begin PBXProject section */
		822C7CE32E01D41200180511 /* Project object */ = {
			isa = PBXProject;
			attributes = {
				BuildIndependentTargetsInParallel = 1;
				LastSwiftUpdateCheck = 1620;
				LastUpgradeCheck = 1620;
				TargetAttributes = {
					822C7CEA2E01D41200180511 = {
						CreatedOnToolsVersion = 16.2;
					};
					8233D2A92E0AAC7500A56D4C = {
						CreatedOnToolsVersion = 16.2;
					};
				};
			};
			buildConfigurationList = 822C7CE62E01D41200180511 /* Build configuration list for PBXProject "ArchaeologistFind" */;
			compatibilityVersion = "Xcode 15.3";
			developmentRegion = en;
			hasScannedForEncodings = 0;
			knownRegions = (
				en,
				Base,
			);
			mainGroup = 822C7CE22E01D41200180511;
			minimizedProjectReferenceProxies = 1;
			packageReferences = (
				822C7D182E01D42700180511 /* XCRemoteSwiftPackageReference "SnapKit" */,
				8233D29A2E0AABCB00A56D4C /* XCRemoteSwiftPackageReference "appmetrica-sdk-ios" */,
				8233D29D2E0AAC1F00A56D4C /* XCRemoteSwiftPackageReference "OneSignal-iOS-SDK" */,
			);
			productRefGroup = 822C7CEC2E01D41200180511 /* Products */;
			projectDirPath = "";
			projectRoot = "";
			targets = (
				822C7CEA2E01D41200180511 /* ArchaeologistFind */,
				8233D2A92E0AAC7500A56D4C /* OneSignalNotificationServiceExtension */,
			);
		};
/* End PBXProject section */

/* Begin PBXResourcesBuildPhase section */
		822C7CE92E01D41200180511 /* Resources */ = {
			isa = PBXResourcesBuildPhase;
			buildActionMask = 2147483647;
			files = (
				822C7D142E01D41900180511 /* Assets.xcassets in Resources */,
				822C7D162E01D41900180511 /* LaunchScreen.storyboard in Resources */,
			);
			runOnlyForDeploymentPostprocessing = 0;
		};
		8233D2A82E0AAC7500A56D4C /* Resources */ = {
			isa = PBXResourcesBuildPhase;
			buildActionMask = 2147483647;
			files = (
			);
			runOnlyForDeploymentPostprocessing = 0;
		};
/* End PBXResourcesBuildPhase section */

/* Begin PBXShellScriptBuildPhase section */
		A83E83114C8B7472880CE6DD /* [CP] Check Pods Manifest.lock */ = {
			isa = PBXShellScriptBuildPhase;
			buildActionMask = 2147483647;
			files = (
			);
			inputFileListPaths = (
			);
			inputPaths = (
				"${PODS_PODFILE_DIR_PATH}/Podfile.lock",
				"${PODS_ROOT}/Manifest.lock",
			);
			name = "[CP] Check Pods Manifest.lock";
			outputFileListPaths = (
			);
			outputPaths = (
				"$(DERIVED_FILE_DIR)/Pods-ArchaeologistFind-checkManifestLockResult.txt",
			);
			runOnlyForDeploymentPostprocessing = 0;
			shellPath = /bin/sh;
			shellScript = "diff \"${PODS_PODFILE_DIR_PATH}/Podfile.lock\" \"${PODS_ROOT}/Manifest.lock\" > /dev/null\nif [ $? != 0 ] ; then\n    # print error to STDERR\n    echo \"error: The sandbox is not in sync with the Podfile.lock. Run 'pod install' or update your CocoaPods installation.\" >&2\n    exit 1\nfi\n# This output is used by Xcode 'outputs' to avoid re-running this script phase.\necho \"SUCCESS\" > \"${SCRIPT_OUTPUT_FILE_0}\"\n";
			showEnvVarsInLog = 0;
		};
/* End PBXShellScriptBuildPhase section */

/* Begin PBXSourcesBuildPhase section */
		822C7CE72E01D41200180511 /* Sources */ = {
			isa = PBXSourcesBuildPhase;
			buildActionMask = 2147483647;
			files = (
				822C7D232E01D68300180511 /* JournalViewController.swift in Sources */,
				822C7D242E01D68300180511 /* MatchGameViewController.swift in Sources */,
				822C7D252E01D68300180511 /* OnboardingViewController.swift in Sources */,
				822C7D262E01D68300180511 /* CatalogViewController.swift in Sources */,
				822C7D272E01D68300180511 /* LoadingViewController.swift in Sources */,
				822C7D282E01D68300180511 /* ExpeditionSettingsViewController.swift in Sources */,
				822C7D292E01D68300180511 /* MainTabBarController.swift in Sources */,
				822C7D2A2E01D68300180511 /* ExcavationViewController.swift in Sources */,
				822C7D102E01D41900180511 /* AppDelegate.swift in Sources */,
			);
			runOnlyForDeploymentPostprocessing = 0;
		};
		8233D2A62E0AAC7500A56D4C /* Sources */ = {
			isa = PBXSourcesBuildPhase;
			buildActionMask = 2147483647;
			files = (
				8233D2BB2E0AAC7800A56D4C /* NotificationService.swift in Sources */,
			);
			runOnlyForDeploymentPostprocessing = 0;
		};
/* End PBXSourcesBuildPhase section */

/* Begin PBXTargetDependency section */
		8233D2B02E0AAC7500A56D4C /* PBXTargetDependency */ = {
			isa = PBXTargetDependency;
			target = 8233D2A92E0AAC7500A56D4C /* OneSignalNotificationServiceExtension */;
			targetProxy = 8233D2AF2E0AAC7500A56D4C /* PBXContainerItemProxy */;
		};
/* End PBXTargetDependency section */

/* Begin PBXVariantGroup section */
		822C7D0C2E01D41900180511 /* LaunchScreen.storyboard */ = {
			isa = PBXVariantGroup;
			children = (
				822C7D0B2E01D41900180511 /* Base */,
			);
			name = LaunchScreen.storyboard;
			sourceTree = "<group>";
		};
/* End PBXVariantGroup section */

/* Begin XCBuildConfiguration section */
		822C7D002E01D41500180511 /* Debug */ = {
			isa = XCBuildConfiguration;
			buildSettings = {
				ALWAYS_SEARCH_USER_PATHS = NO;
				ASSETCATALOG_COMPILER_GENERATE_SWIFT_ASSET_SYMBOL_EXTENSIONS = YES;
				CLANG_ANALYZER_NONNULL = YES;
				CLANG_ANALYZER_NUMBER_OBJECT_CONVERSION = YES_AGGRESSIVE;
				CLANG_CXX_LANGUAGE_STANDARD = "gnu++20";
				CLANG_ENABLE_MODULES = YES;
				CLANG_ENABLE_OBJC_ARC = YES;
				CLANG_ENABLE_OBJC_WEAK = YES;
				CLANG_WARN_BLOCK_CAPTURE_AUTORELEASING = YES;
				CLANG_WARN_BOOL_CONVERSION = YES;
				CLANG_WARN_COMMA = YES;
				CLANG_WARN_CONSTANT_CONVERSION = YES;
				CLANG_WARN_DEPRECATED_OBJC_IMPLEMENTATIONS = YES;
				CLANG_WARN_DIRECT_OBJC_ISA_USAGE = YES_ERROR;
				CLANG_WARN_DOCUMENTATION_COMMENTS = YES;
				CLANG_WARN_EMPTY_BODY = YES;
				CLANG_WARN_ENUM_CONVERSION = YES;
				CLANG_WARN_INFINITE_RECURSION = YES;
				CLANG_WARN_INT_CONVERSION = YES;
				CLANG_WARN_NON_LITERAL_NULL_CONVERSION = YES;
				CLANG_WARN_OBJC_IMPLICIT_RETAIN_SELF = YES;
				CLANG_WARN_OBJC_LITERAL_CONVERSION = YES;
				CLANG_WARN_OBJC_ROOT_CLASS = YES_ERROR;
				CLANG_WARN_QUOTED_INCLUDE_IN_FRAMEWORK_HEADER = YES;
				CLANG_WARN_RANGE_LOOP_ANALYSIS = YES;
				CLANG_WARN_STRICT_PROTOTYPES = YES;
				CLANG_WARN_SUSPICIOUS_MOVE = YES;
				CLANG_WARN_UNGUARDED_AVAILABILITY = YES_AGGRESSIVE;
				CLANG_WARN_UNREACHABLE_CODE = YES;
				CLANG_WARN__DUPLICATE_METHOD_MATCH = YES;
				COPY_PHASE_STRIP = NO;
				DEBUG_INFORMATION_FORMAT = dwarf;
				ENABLE_STRICT_OBJC_MSGSEND = YES;
				ENABLE_TESTABILITY = YES;
				ENABLE_USER_SCRIPT_SANDBOXING = YES;
				GCC_C_LANGUAGE_STANDARD = gnu17;
				GCC_DYNAMIC_NO_PIC = NO;
				GCC_NO_COMMON_BLOCKS = YES;
				GCC_OPTIMIZATION_LEVEL = 0;
				GCC_PREPROCESSOR_DEFINITIONS = (
					"DEBUG=1",
					"$(inherited)",
				);
				GCC_WARN_64_TO_32_BIT_CONVERSION = YES;
				GCC_WARN_ABOUT_RETURN_TYPE = YES_ERROR;
				GCC_WARN_UNDECLARED_SELECTOR = YES;
				GCC_WARN_UNINITIALIZED_AUTOS = YES_AGGRESSIVE;
				GCC_WARN_UNUSED_FUNCTION = YES;
				GCC_WARN_UNUSED_VARIABLE = YES;
				IPHONEOS_DEPLOYMENT_TARGET = 18.2;
				LOCALIZATION_PREFERS_STRING_CATALOGS = YES;
				MTL_ENABLE_DEBUG_INFO = INCLUDE_SOURCE;
				MTL_FAST_MATH = YES;
				ONLY_ACTIVE_ARCH = YES;
				SDKROOT = iphoneos;
				SWIFT_ACTIVE_COMPILATION_CONDITIONS = "DEBUG $(inherited)";
				SWIFT_OPTIMIZATION_LEVEL = "-Onone";
			};
			name = Debug;
		};
		822C7D012E01D41500180511 /* Release */ = {
			isa = XCBuildConfiguration;
			buildSettings = {
				ALWAYS_SEARCH_USER_PATHS = NO;
				ASSETCATALOG_COMPILER_GENERATE_SWIFT_ASSET_SYMBOL_EXTENSIONS = YES;
				CLANG_ANALYZER_NONNULL = YES;
				CLANG_ANALYZER_NUMBER_OBJECT_CONVERSION = YES_AGGRESSIVE;
				CLANG_CXX_LANGUAGE_STANDARD = "gnu++20";
				CLANG_ENABLE_MODULES = YES;
				CLANG_ENABLE_OBJC_ARC = YES;
				CLANG_ENABLE_OBJC_WEAK = YES;
				CLANG_WARN_BLOCK_CAPTURE_AUTORELEASING = YES;
				CLANG_WARN_BOOL_CONVERSION = YES;
				CLANG_WARN_COMMA = YES;
				CLANG_WARN_CONSTANT_CONVERSION = YES;
				CLANG_WARN_DEPRECATED_OBJC_IMPLEMENTATIONS = YES;
				CLANG_WARN_DIRECT_OBJC_ISA_USAGE = YES_ERROR;
				CLANG_WARN_DOCUMENTATION_COMMENTS = YES;
				CLANG_WARN_EMPTY_BODY = YES;
				CLANG_WARN_ENUM_CONVERSION = YES;
				CLANG_WARN_INFINITE_RECURSION = YES;
				CLANG_WARN_INT_CONVERSION = YES;
				CLANG_WARN_NON_LITERAL_NULL_CONVERSION = YES;
				CLANG_WARN_OBJC_IMPLICIT_RETAIN_SELF = YES;
				CLANG_WARN_OBJC_LITERAL_CONVERSION = YES;
				CLANG_WARN_OBJC_ROOT_CLASS = YES_ERROR;
				CLANG_WARN_QUOTED_INCLUDE_IN_FRAMEWORK_HEADER = YES;
				CLANG_WARN_RANGE_LOOP_ANALYSIS = YES;
				CLANG_WARN_STRICT_PROTOTYPES = YES;
				CLANG_WARN_SUSPICIOUS_MOVE = YES;
				CLANG_WARN_UNGUARDED_AVAILABILITY = YES_AGGRESSIVE;
				CLANG_WARN_UNREACHABLE_CODE = YES;
				CLANG_WARN__DUPLICATE_METHOD_MATCH = YES;
				COPY_PHASE_STRIP = NO;
				DEBUG_INFORMATION_FORMAT = "dwarf-with-dsym";
				ENABLE_NS_ASSERTIONS = NO;
				ENABLE_STRICT_OBJC_MSGSEND = YES;
				ENABLE_USER_SCRIPT_SANDBOXING = YES;
				GCC_C_LANGUAGE_STANDARD = gnu17;
				GCC_NO_COMMON_BLOCKS = YES;
				GCC_WARN_64_TO_32_BIT_CONVERSION = YES;
				GCC_WARN_ABOUT_RETURN_TYPE = YES_ERROR;
				GCC_WARN_UNDECLARED_SELECTOR = YES;
				GCC_WARN_UNINITIALIZED_AUTOS = YES_AGGRESSIVE;
				GCC_WARN_UNUSED_FUNCTION = YES;
				GCC_WARN_UNUSED_VARIABLE = YES;
				IPHONEOS_DEPLOYMENT_TARGET = 18.2;
				LOCALIZATION_PREFERS_STRING_CATALOGS = YES;
				MTL_ENABLE_DEBUG_INFO = NO;
				MTL_FAST_MATH = YES;
				SDKROOT = iphoneos;
				SWIFT_COMPILATION_MODE = wholemodule;
				VALIDATE_PRODUCT = YES;
			};
			name = Release;
		};
		822C7D032E01D41500180511 /* Debug */ = {
			isa = XCBuildConfiguration;
			baseConfigurationReference = 652996DD53EDD25D9ADBD011 /* Pods-ArchaeologistFind.debug.xcconfig */;
			buildSettings = {
				ASSETCATALOG_COMPILER_APPICON_NAME = AppIcon;
				ASSETCATALOG_COMPILER_GLOBAL_ACCENT_COLOR_NAME = AccentColor;
				CODE_SIGN_ENTITLEMENTS = ArchaeologistFind/ArchaeologistFind.entitlements;
				CODE_SIGN_STYLE = Automatic;
				CURRENT_PROJECT_VERSION = 1;
				GENERATE_INFOPLIST_FILE = YES;
				INFOPLIST_FILE = ArchaeologistFind/Info.plist;
				INFOPLIST_KEY_CFBundleDisplayName = "Relic Match Digger";
				INFOPLIST_KEY_UIApplicationSupportsIndirectInputEvents = YES;
				INFOPLIST_KEY_UILaunchStoryboardName = LaunchScreen;
				INFOPLIST_KEY_UIStatusBarHidden = YES;
				INFOPLIST_KEY_UISupportedInterfaceOrientations = UIInterfaceOrientationPortrait;
				INFOPLIST_KEY_UISupportedInterfaceOrientations_iPad = "UIInterfaceOrientationLandscapeLeft UIInterfaceOrientationLandscapeRight UIInterfaceOrientationPortrait UIInterfaceOrientationPortraitUpsideDown";
				IPHONEOS_DEPLOYMENT_TARGET = 16.0;
				LD_RUNPATH_SEARCH_PATHS = (
					"$(inherited)",
					"@executable_path/Frameworks",
				);
				MARKETING_VERSION = 1.2;
				PRODUCT_BUNDLE_IDENTIFIER = com.AntoineVaugelas.relic;
				PRODUCT_NAME = "$(TARGET_NAME)";
				SUPPORTED_PLATFORMS = "iphoneos iphonesimulator";
				SUPPORTS_MACCATALYST = NO;
				SUPPORTS_MAC_DESIGNED_FOR_IPHONE_IPAD = NO;
				SUPPORTS_XR_DESIGNED_FOR_IPHONE_IPAD = NO;
				SWIFT_EMIT_LOC_STRINGS = YES;
				SWIFT_VERSION = 5.0;
				TARGETED_DEVICE_FAMILY = 1;
			};
			name = Debug;
		};
		822C7D042E01D41500180511 /* Release */ = {
			isa = XCBuildConfiguration;
			baseConfigurationReference = B5C6BCA7AD8E9F5A2E0F595F /* Pods-ArchaeologistFind.release.xcconfig */;
			buildSettings = {
				ASSETCATALOG_COMPILER_APPICON_NAME = AppIcon;
				ASSETCATALOG_COMPILER_GLOBAL_ACCENT_COLOR_NAME = AccentColor;
				CODE_SIGN_ENTITLEMENTS = ArchaeologistFind/ArchaeologistFind.entitlements;
				CODE_SIGN_STYLE = Automatic;
				CURRENT_PROJECT_VERSION = 1;
				GENERATE_INFOPLIST_FILE = YES;
				INFOPLIST_FILE = ArchaeologistFind/Info.plist;
				INFOPLIST_KEY_CFBundleDisplayName = "Relic Match Digger";
				INFOPLIST_KEY_UIApplicationSupportsIndirectInputEvents = YES;
				INFOPLIST_KEY_UILaunchStoryboardName = LaunchScreen;
				INFOPLIST_KEY_UIStatusBarHidden = YES;
				INFOPLIST_KEY_UISupportedInterfaceOrientations = UIInterfaceOrientationPortrait;
				INFOPLIST_KEY_UISupportedInterfaceOrientations_iPad = "UIInterfaceOrientationLandscapeLeft UIInterfaceOrientationLandscapeRight UIInterfaceOrientationPortrait UIInterfaceOrientationPortraitUpsideDown";
				IPHONEOS_DEPLOYMENT_TARGET = 16.0;
				LD_RUNPATH_SEARCH_PATHS = (
					"$(inherited)",
					"@executable_path/Frameworks",
				);
				MARKETING_VERSION = 1.2;
				PRODUCT_BUNDLE_IDENTIFIER = com.AntoineVaugelas.relic;
				PRODUCT_NAME = "$(TARGET_NAME)";
				SUPPORTED_PLATFORMS = "iphoneos iphonesimulator";
				SUPPORTS_MACCATALYST = NO;
				SUPPORTS_MAC_DESIGNED_FOR_IPHONE_IPAD = NO;
				SUPPORTS_XR_DESIGNED_FOR_IPHONE_IPAD = NO;
				SWIFT_EMIT_LOC_STRINGS = YES;
				SWIFT_VERSION = 5.0;
				TARGETED_DEVICE_FAMILY = 1;
			};
			name = Release;
		};
		8233D2B42E0AAC7500A56D4C /* Debug */ = {
			isa = XCBuildConfiguration;
			buildSettings = {
				CODE_SIGN_STYLE = Automatic;
				CURRENT_PROJECT_VERSION = 1;
				GENERATE_INFOPLIST_FILE = YES;
				INFOPLIST_FILE = OneSignalNotificationServiceExtension/Info.plist;
				INFOPLIST_KEY_CFBundleDisplayName = OneSignalNotificationServiceExtension;
				INFOPLIST_KEY_NSHumanReadableCopyright = "";
				IPHONEOS_DEPLOYMENT_TARGET = 15.0;
				LD_RUNPATH_SEARCH_PATHS = (
					"$(inherited)",
					"@executable_path/Frameworks",
					"@executable_path/../../Frameworks",
				);
				MARKETING_VERSION = 1.0;
				PRODUCT_BUNDLE_IDENTIFIER = com.AntoineVaugelas.relic.OneSignalNotificationServiceExtension;
				PRODUCT_NAME = "$(TARGET_NAME)";
				SKIP_INSTALL = YES;
				SUPPORTED_PLATFORMS = "iphoneos iphonesimulator";
				SUPPORTS_MACCATALYST = NO;
				SUPPORTS_MAC_DESIGNED_FOR_IPHONE_IPAD = NO;
				SUPPORTS_XR_DESIGNED_FOR_IPHONE_IPAD = NO;
				SWIFT_EMIT_LOC_STRINGS = YES;
				SWIFT_VERSION = 5.0;
				TARGETED_DEVICE_FAMILY = 1;
			};
			name = Debug;
		};
		8233D2B52E0AAC7500A56D4C /* Release */ = {
			isa = XCBuildConfiguration;
			buildSettings = {
				CODE_SIGN_STYLE = Automatic;
				CURRENT_PROJECT_VERSION = 1;
				GENERATE_INFOPLIST_FILE = YES;
				INFOPLIST_FILE = OneSignalNotificationServiceExtension/Info.plist;
				INFOPLIST_KEY_CFBundleDisplayName = OneSignalNotificationServiceExtension;
				INFOPLIST_KEY_NSHumanReadableCopyright = "";
				IPHONEOS_DEPLOYMENT_TARGET = 15.0;
				LD_RUNPATH_SEARCH_PATHS = (
					"$(inherited)",
					"@executable_path/Frameworks",
					"@executable_path/../../Frameworks",
				);
				MARKETING_VERSION = 1.0;
				PRODUCT_BUNDLE_IDENTIFIER = com.AntoineVaugelas.relic.OneSignalNotificationServiceExtension;
				PRODUCT_NAME = "$(TARGET_NAME)";
				SKIP_INSTALL = YES;
				SUPPORTED_PLATFORMS = "iphoneos iphonesimulator";
				SUPPORTS_MACCATALYST = NO;
				SUPPORTS_MAC_DESIGNED_FOR_IPHONE_IPAD = NO;
				SUPPORTS_XR_DESIGNED_FOR_IPHONE_IPAD = NO;
				SWIFT_EMIT_LOC_STRINGS = YES;
				SWIFT_VERSION = 5.0;
				TARGETED_DEVICE_FAMILY = 1;
			};
			name = Release;
		};
/* End XCBuildConfiguration section */

/* Begin XCConfigurationList section */
		822C7CE62E01D41200180511 /* Build configuration list for PBXProject "ArchaeologistFind" */ = {
			isa = XCConfigurationList;
			buildConfigurations = (
				822C7D002E01D41500180511 /* Debug */,
				822C7D012E01D41500180511 /* Release */,
			);
			defaultConfigurationIsVisible = 0;
			defaultConfigurationName = Release;
		};
		822C7D022E01D41500180511 /* Build configuration list for PBXNativeTarget "ArchaeologistFind" */ = {
			isa = XCConfigurationList;
			buildConfigurations = (
				822C7D032E01D41500180511 /* Debug */,
				822C7D042E01D41500180511 /* Release */,
			);
			defaultConfigurationIsVisible = 0;
			defaultConfigurationName = Release;
		};
		8233D2B32E0AAC7500A56D4C /* Build configuration list for PBXNativeTarget "OneSignalNotificationServiceExtension" */ = {
			isa = XCConfigurationList;
			buildConfigurations = (
				8233D2B42E0AAC7500A56D4C /* Debug */,
				8233D2B52E0AAC7500A56D4C /* Release */,
			);
			defaultConfigurationIsVisible = 0;
			defaultConfigurationName = Release;
		};
/* End XCConfigurationList section */

/* Begin XCRemoteSwiftPackageReference section */
		822C7D182E01D42700180511 /* XCRemoteSwiftPackageReference "SnapKit" */ = {
			isa = XCRemoteSwiftPackageReference;
			repositoryURL = "https://github.com/SnapKit/SnapKit.git";
			requirement = {
				kind = upToNextMajorVersion;
				minimumVersion = 5.7.1;
			};
		};
		8233D29A2E0AABCB00A56D4C /* XCRemoteSwiftPackageReference "appmetrica-sdk-ios" */ = {
			isa = XCRemoteSwiftPackageReference;
			repositoryURL = "https://github.com/appmetrica/appmetrica-sdk-ios";
			requirement = {
				kind = upToNextMajorVersion;
				minimumVersion = 5.11.1;
			};
		};
		8233D29D2E0AAC1F00A56D4C /* XCRemoteSwiftPackageReference "OneSignal-iOS-SDK" */ = {
			isa = XCRemoteSwiftPackageReference;
			repositoryURL = "https://github.com/OneSignal/OneSignal-iOS-SDK.git";
			requirement = {
				kind = upToNextMajorVersion;
				minimumVersion = 5.2.14;
			};
		};
/* End XCRemoteSwiftPackageReference section */

/* Begin XCSwiftPackageProductDependency section */
		822C7D192E01D42700180511 /* SnapKit */ = {
			isa = XCSwiftPackageProductDependency;
			package = 822C7D182E01D42700180511 /* XCRemoteSwiftPackageReference "SnapKit" */;
			productName = SnapKit;
		};
		8233D29B2E0AABCB00A56D4C /* AppMetricaCore */ = {
			isa = XCSwiftPackageProductDependency;
			package = 8233D29A2E0AABCB00A56D4C /* XCRemoteSwiftPackageReference "appmetrica-sdk-ios" */;
			productName = AppMetricaCore;
		};
		8233D29E2E0AAC1F00A56D4C /* OneSignalExtension */ = {
			isa = XCSwiftPackageProductDependency;
			package = 8233D29D2E0AAC1F00A56D4C /* XCRemoteSwiftPackageReference "OneSignal-iOS-SDK" */;
			productName = OneSignalExtension;
		};
		8233D2A02E0AAC1F00A56D4C /* OneSignalFramework */ = {
			isa = XCSwiftPackageProductDependency;
			package = 8233D29D2E0AAC1F00A56D4C /* XCRemoteSwiftPackageReference "OneSignal-iOS-SDK" */;
			productName = OneSignalFramework;
		};
		8233D2A22E0AAC1F00A56D4C /* OneSignalInAppMessages */ = {
			isa = XCSwiftPackageProductDependency;
			package = 8233D29D2E0AAC1F00A56D4C /* XCRemoteSwiftPackageReference "OneSignal-iOS-SDK" */;
			productName = OneSignalInAppMessages;
		};
/* End XCSwiftPackageProductDependency section */
	};
	rootObject = 822C7CE32E01D41200180511 /* Project object */;
}
